
Microsoft Visual Studio Solution File, Format Version 12.00
# Visual Studio Version 17
VisualStudioVersion = 17.8.34322.80
MinimumVisualStudioVersion = 10.0.40219.1
Project("{FAE04EC0-301F-11D3-BF4B-00C04F79EFBC}") = "AdventOfCode2023", "AdventOfCode2023\AdventOfCode2023.csproj", "{0113F593-8225-4782-ADDA-F6A86433EA23}"
EndProject
Global
	GlobalSection(SolutionConfigurationPlatforms) = preSolution
		Debug|Any CPU = Debug|Any CPU
		Release|Any CPU = Release|Any CPU
	EndGlobalSection
	GlobalSection(ProjectConfigurationPlatforms) = postSolution
		{0113F593-8225-4782-ADDA-F6A86433EA23}.Debug|Any CPU.ActiveCfg = Debug|Any CPU
		{0113F593-8225-4782-ADDA-F6A86433EA23}.Debug|Any CPU.Build.0 = Debug|Any CPU
		{0113F593-8225-4782-ADDA-F6A86433EA23}.Release|Any CPU.ActiveCfg = Release|Any CPU
		{0113F593-8225-4782-ADDA-F6A86433EA23}.Release|Any CPU.Build.0 = Release|Any CPU
	EndGlobalSection
	GlobalSection(SolutionProperties) = preSolution
		HideSolutionNode = FALSE
	EndGlobalSection
	GlobalSection(ExtensibilityGlobals) = postSolution
		SolutionGuid = {2F1A0FB6-2D54-420F-AB39-3F3050F40EDA}
	EndGlobalSection
EndGlobal
